// !$*UTF8*$!
{
	archiveVersion = 1;
	classes = {
	};
	objectVersion = 46;
	objects = {

/* Begin PBXBuildFile section */
		F15B2B871C84796200C99C13 /* main.swift in Sources */ = {isa = PBXBuildFile; fileRef = F15B2B861C84796200C99C13 /* main.swift */; };
		F15B2B8E1C84797600C99C13 /* class_dice.swift in Sources */ = {isa = PBXBuildFile; fileRef = F15B2B8D1C84797600C99C13 /* class_dice.swift */; };
		F15B2B901C847E9100C99C13 /* class_player.swift in Sources */ = {isa = PBXBuildFile; fileRef = F15B2B8F1C847E9100C99C13 /* class_player.swift */; };
		F15B2B921C84851600C99C13 /* class_computer.swift in Sources */ = {isa = PBXBuildFile; fileRef = F15B2B911C84851600C99C13 /* class_computer.swift */; };
		F15B2B941C84858000C99C13 /* class_game.swift in Sources */ = {isa = PBXBuildFile; fileRef = F15B2B931C84858000C99C13 /* class_game.swift */; };
		F15B2B961C84879F00C99C13 /* class_scoregrid.swift in Sources */ = {isa = PBXBuildFile; fileRef = F15B2B951C84879F00C99C13 /* class_scoregrid.swift */; };
/* End PBXBuildFile section */

/* Begin PBXCopyFilesBuildPhase section */
		F15B2B811C84796200C99C13 /* CopyFiles */ = {
			isa = PBXCopyFilesBuildPhase;
			buildActionMask = 2147483647;
			dstPath = /usr/share/man/man1/;
			dstSubfolderSpec = 0;
			files = (
			);
			runOnlyForDeploymentPostprocessing = 1;
		};
/* End PBXCopyFilesBuildPhase section */

/* Begin PBXFileReference section */
		F15B2B831C84796200C99C13 /* Yams */ = {isa = PBXFileReference; explicitFileType = "compiled.mach-o.executable"; includeInIndex = 0; path = Yams; sourceTree = BUILT_PRODUCTS_DIR; };
		F15B2B861C84796200C99C13 /* main.swift */ = {isa = PBXFileReference; lastKnownFileType = sourcecode.swift; path = main.swift; sourceTree = "<group>"; };
		F15B2B8D1C84797600C99C13 /* class_dice.swift */ = {isa = PBXFileReference; fileEncoding = 4; lastKnownFileType = sourcecode.swift; path = class_dice.swift; sourceTree = "<group>"; };
		F15B2B8F1C847E9100C99C13 /* class_player.swift */ = {isa = PBXFileReference; fileEncoding = 4; lastKnownFileType = sourcecode.swift; path = class_player.swift; sourceTree = "<group>"; };
		F15B2B911C84851600C99C13 /* class_computer.swift */ = {isa = PBXFileReference; fileEncoding = 4; lastKnownFileType = sourcecode.swift; path = class_computer.swift; sourceTree = "<group>"; };
		F15B2B931C84858000C99C13 /* class_game.swift */ = {isa = PBXFileReference; fileEncoding = 4; lastKnownFileType = sourcecode.swift; path = class_game.swift; sourceTree = "<group>"; };
		F15B2B951C84879F00C99C13 /* class_scoregrid.swift */ = {isa = PBXFileReference; fileEncoding = 4; lastKnownFileType = sourcecode.swift; path = class_scoregrid.swift; sourceTree = "<group>"; };
/* End PBXFileReference section */

/* Begin PBXFrameworksBuildPhase section */
		F15B2B801C84796200C99C13 /* Frameworks */ = {
			isa = PBXFrameworksBuildPhase;
			buildActionMask = 2147483647;
			files = (
			);
			runOnlyForDeploymentPostprocessing = 0;
		};
/* End PBXFrameworksBuildPhase section */

/* Begin PBXGroup section */
		F15B2B7A1C84796200C99C13 = {
			isa = PBXGroup;
			children = (
				F15B2B851C84796200C99C13 /* Yams */,
				F15B2B841C84796200C99C13 /* Products */,
			);
			sourceTree = "<group>";
		};
		F15B2B841C84796200C99C13 /* Products */ = {
			isa = PBXGroup;
			children = (
				F15B2B831C84796200C99C13 /* Yams */,
			);
			name = Products;
			sourceTree = "<group>";
		};
		F15B2B851C84796200C99C13 /* Yams */ = {
			isa = PBXGroup;
			children = (
				F15B2B861C84796200C99C13 /* main.swift */,
				F15B2B8D1C84797600C99C13 /* class_dice.swift */,
				F15B2B8F1C847E9100C99C13 /* class_player.swift */,
				F15B2B931C84858000C99C13 /* class_game.swift */,
				F15B2B911C84851600C99C13 /* class_computer.swift */,
				F15B2B951C84879F00C99C13 /* class_scoregrid.swift */,
			);
			path = Yams;
			sourceTree = "<group>";
		};
/* End PBXGroup section */

/* Begin PBXNativeTarget section */
		F15B2B821C84796200C99C13 /* Yams */ = {
			isa = PBXNativeTarget;
			buildConfigurationList = F15B2B8A1C84796200C99C13 /* Build configuration list for PBXNativeTarget "Yams" */;
			buildPhases = (
				F15B2B7F1C84796200C99C13 /* Sources */,
				F15B2B801C84796200C99C13 /* Frameworks */,
				F15B2B811C84796200C99C13 /* CopyFiles */,
			);
			buildRules = (
			);
			dependencies = (
			);
			name = Yams;
			productName = Yams;
			productReference = F15B2B831C84796200C99C13 /* Yams */;
			productType = "com.apple.product-type.tool";
		};
/* End PBXNativeTarget section */

/* Begin PBXProject section */
		F15B2B7B1C84796200C99C13 /* Project object */ = {
			isa = PBXProject;
			attributes = {
				LastSwiftUpdateCheck = 0720;
				LastUpgradeCheck = 0720;
				ORGANIZATIONNAME = Ynov;
				TargetAttributes = {
					F15B2B821C84796200C99C13 = {
						CreatedOnToolsVersion = 7.2;
					};
				};
			};
			buildConfigurationList = F15B2B7E1C84796200C99C13 /* Build configuration list for PBXProject "Yams" */;
			compatibilityVersion = "Xcode 3.2";
			developmentRegion = English;
			hasScannedForEncodings = 0;
			knownRegions = (
				en,
			);
			mainGroup = F15B2B7A1C84796200C99C13;
			productRefGroup = F15B2B841C84796200C99C13 /* Products */;
			projectDirPath = "";
			projectRoot = "";
			targets = (
				F15B2B821C84796200C99C13 /* Yams */,
			);
		};
/* End PBXProject section */

/* Begin PBXSourcesBuildPhase section */
		F15B2B7F1C84796200C99C13 /* Sources */ = {
			isa = PBXSourcesBuildPhase;
			buildActionMask = 2147483647;
			files = (
				F15B2B941C84858000C99C13 /* class_game.swift in Sources */,
				F15B2B961C84879F00C99C13 /* class_scoregrid.swift in Sources */,
				F15B2B871C84796200C99C13 /* main.swift in Sources */,
				F15B2B901C847E9100C99C13 /* class_player.swift in Sources */,
				F15B2B8E1C84797600C99C13 /* class_dice.swift in Sources */,
				F15B2B921C84851600C99C13 /* class_computer.swift in Sources */,
			);
			runOnlyForDeploymentPostprocessing = 0;
		};
/* End PBXSourcesBuildPhase section */

/* Begin XCBuildConfiguration section */
		F15B2B881C84796200C99C13 /* Debug */ = {
			isa = XCBuildConfiguration;
			buildSettings = {
				ALWAYS_SEARCH_USER_PATHS = NO;
				CLANG_CXX_LANGUAGE_STANDARD = "gnu++0x";
				CLANG_CXX_LIBRARY = "libc++";
				CLANG_ENABLE_MODULES = YES;
				CLANG_ENABLE_OBJC_ARC = YES;
				CLANG_WARN_BOOL_CONVERSION = YES;
				CLANG_WARN_CONSTANT_CONVERSION = YES;
				CLANG_WARN_DIRECT_OBJC_ISA_USAGE = YES_ERROR;
				CLANG_WARN_EMPTY_BODY = YES;
				CLANG_WARN_ENUM_CONVERSION = YES;
				CLANG_WARN_INT_CONVERSION = YES;
				CLANG_WARN_OBJC_ROOT_CLASS = YES_ERROR;
				CLANG_WARN_UNREACHABLE_CODE = YES;
				CLANG_WARN__DUPLICATE_METHOD_MATCH = YES;
				CODE_SIGN_IDENTITY = "-";
				COPY_PHASE_STRIP = NO;
				DEBUG_INFORMATION_FORMAT = dwarf;
				ENABLE_STRICT_OBJC_MSGSEND = YES;
				ENABLE_TESTABILITY = YES;
				GCC_C_LANGUAGE_STANDARD = gnu99;
				GCC_DYNAMIC_NO_PIC = NO;
				GCC_NO_COMMON_BLOCKS = YES;
				GCC_OPTIMIZATION_LEVEL = 0;
				GCC_PREPROCESSOR_DEFINITIONS = (
					"DEBUG=1",
					"$(inherited)",
				);
				GCC_WARN_64_TO_32_BIT_CONVERSION = YES;
				GCC_WARN_ABOUT_RETURN_TYPE = YES_ERROR;
				GCC_WARN_UNDECLARED_SELECTOR = YES;
				GCC_WARN_UNINITIALIZED_AUTOS = YES_AGGRESSIVE;
				GCC_WARN_UNUSED_FUNCTION = YES;
				GCC_WARN_UNUSED_VARIABLE = YES;
				MACOSX_DEPLOYMENT_TARGET = 10.11;
				MTL_ENABLE_DEBUG_INFO = YES;
				ONLY_ACTIVE_ARCH = YES;
				SDKROOT = macosx;
				SWIFT_OPTIMIZATION_LEVEL = "-Onone";
			};
			name = Debug;
		};
		F15B2B891C84796200C99C13 /* Release */ = {
			isa = XCBuildConfiguration;
			buildSettings = {
				ALWAYS_SEARCH_USER_PATHS = NO;
				CLANG_CXX_LANGUAGE_STANDARD = "gnu++0x";
				CLANG_CXX_LIBRARY = "libc++";
				CLANG_ENABLE_MODULES = YES;
				CLANG_ENABLE_OBJC_ARC = YES;
				CLANG_WARN_BOOL_CONVERSION = YES;
				CLANG_WARN_CONSTANT_CONVERSION = YES;
				CLANG_WARN_DIRECT_OBJC_ISA_USAGE = YES_ERROR;
				CLANG_WARN_EMPTY_BODY = YES;
				CLANG_WARN_ENUM_CONVERSION = YES;
				CLANG_WARN_INT_CONVERSION = YES;
				CLANG_WARN_OBJC_ROOT_CLASS = YES_ERROR;
				CLANG_WARN_UNREACHABLE_CODE = YES;
				CLANG_WARN__DUPLICATE_METHOD_MATCH = YES;
				CODE_SIGN_IDENTITY = "-";
				COPY_PHASE_STRIP = NO;
				DEBUG_INFORMATION_FORMAT = "dwarf-with-dsym";
				ENABLE_NS_ASSERTIONS = NO;
				ENABLE_STRICT_OBJC_MSGSEND = YES;
				GCC_C_LANGUAGE_STANDARD = gnu99;
				GCC_NO_COMMON_BLOCKS = YES;
				GCC_WARN_64_TO_32_BIT_CONVERSION = YES;
				GCC_WARN_ABOUT_RETURN_TYPE = YES_ERROR;
				GCC_WARN_UNDECLARED_SELECTOR = YES;
				GCC_WARN_UNINITIALIZED_AUTOS = YES_AGGRESSIVE;
				GCC_WARN_UNUSED_FUNCTION = YES;
				GCC_WARN_UNUSED_VARIABLE = YES;
				MACOSX_DEPLOYMENT_TARGET = 10.11;
				MTL_ENABLE_DEBUG_INFO = NO;
				SDKROOT = macosx;
			};
			name = Release;
		};
		F15B2B8B1C84796200C99C13 /* Debug */ = {
			isa = XCBuildConfiguration;
			buildSettings = {
				PRODUCT_NAME = "$(TARGET_NAME)";
			};
			name = Debug;
		};
		F15B2B8C1C84796200C99C13 /* Release */ = {
			isa = XCBuildConfiguration;
			buildSettings = {
				PRODUCT_NAME = "$(TARGET_NAME)";
			};
			name = Release;
		};
/* End XCBuildConfiguration section */

/* Begin XCConfigurationList section */
		F15B2B7E1C84796200C99C13 /* Build configuration list for PBXProject "Yams" */ = {
			isa = XCConfigurationList;
			buildConfigurations = (
				F15B2B881C84796200C99C13 /* Debug */,
				F15B2B891C84796200C99C13 /* Release */,
			);
			defaultConfigurationIsVisible = 0;
			defaultConfigurationName = Release;
		};
		F15B2B8A1C84796200C99C13 /* Build configuration list for PBXNativeTarget "Yams" */ = {
			isa = XCConfigurationList;
			buildConfigurations = (
				F15B2B8B1C84796200C99C13 /* Debug */,
				F15B2B8C1C84796200C99C13 /* Release */,
			);
			defaultConfigurationIsVisible = 0;
		};
/* End XCConfigurationList section */
	};
	rootObject = F15B2B7B1C84796200C99C13 /* Project object */;
}
